
Microsoft Visual Studio Solution File, Format Version 12.00
# Visual Studio Version 16
VisualStudioVersion = 16.0.30503.244
MinimumVisualStudioVersion = 10.0.40219.1
Project("{FAE04EC0-301F-11D3-BF4B-00C04F79EFBC}") = "Neat_Office", "Neat_Office.csproj", "{F4ECBB8B-0EF6-4A83-8846-1E6CEC19A45F}"
EndProject
Global
	GlobalSection(SolutionConfigurationPlatforms) = preSolution
		Debug|Any CPU = Debug|Any CPU
		Release|Any CPU = Release|Any CPU
	EndGlobalSection
	GlobalSection(ProjectConfigurationPlatforms) = postSolution
		{F4ECBB8B-0EF6-4A83-8846-1E6CEC19A45F}.Debug|Any CPU.ActiveCfg = Debug|Any CPU
		{F4ECBB8B-0EF6-4A83-8846-1E6CEC19A45F}.Debug|Any CPU.Build.0 = Debug|Any CPU
		{F4ECBB8B-0EF6-4A83-8846-1E6CEC19A45F}.Release|Any CPU.ActiveCfg = Release|Any CPU
		{F4ECBB8B-0EF6-4A83-8846-1E6CEC19A45F}.Release|Any CPU.Build.0 = Release|Any CPU
	EndGlobalSection
	GlobalSection(SolutionProperties) = preSolution
		HideSolutionNode = FALSE
	EndGlobalSection
	GlobalSection(ExtensibilityGlobals) = postSolution
		SolutionGuid = {7A390B5E-5B3E-4087-B43A-369BE8722B38}
	EndGlobalSection
EndGlobal
